
Microsoft Visual Studio Solution File, Format Version 12.00
# Visual Studio Version 17
VisualStudioVersion = 17.6.33815.320
MinimumVisualStudioVersion = 10.0.40219.1
Project("{FAE04EC0-301F-11D3-BF4B-00C04F79EFBC}") = "FIBONACInIUMBERS", "FIBONACInIUMBERS\FIBONACInIUMBERS.csproj", "{BC72F873-A15E-4C78-8933-07CB4984A39F}"
EndProject
Global
	GlobalSection(SolutionConfigurationPlatforms) = preSolution
		Debug|Any CPU = Debug|Any CPU
		Release|Any CPU = Release|Any CPU
	EndGlobalSection
	GlobalSection(ProjectConfigurationPlatforms) = postSolution
		{BC72F873-A15E-4C78-8933-07CB4984A39F}.Debug|Any CPU.ActiveCfg = Debug|Any CPU
		{BC72F873-A15E-4C78-8933-07CB4984A39F}.Debug|Any CPU.Build.0 = Debug|Any CPU
		{BC72F873-A15E-4C78-8933-07CB4984A39F}.Release|Any CPU.ActiveCfg = Release|Any CPU
		{BC72F873-A15E-4C78-8933-07CB4984A39F}.Release|Any CPU.Build.0 = Release|Any CPU
	EndGlobalSection
	GlobalSection(SolutionProperties) = preSolution
		HideSolutionNode = FALSE
	EndGlobalSection
	GlobalSection(ExtensibilityGlobals) = postSolution
		SolutionGuid = {09948305-3742-49CE-9056-11E8A1C1D0B7}
	EndGlobalSection
EndGlobal
